hash: 4335356bb18ec5b148765ffe68c6c1c867b386e792f2a1675c59457a5c72f719
updated: 2016-07-08T22:05:16.695611914-03:00
imports:
- name: github.com/golang/protobuf
  version: 3852dcfda249c2097355a6aabb199a28d97b30df
  subpackages:
  - proto
- name: github.com/mailru/easyjson
  version: 7acac2663abbf13bd349d76e3768a9e0a9d842f3
  subpackages:
  - jlexer
  - jwriter
  - buffer
- name: github.com/nats-io/gnatsd
  version: d0c69c11181ae3707212aa681bbf665c07d7d79e
- name: github.com/nats-io/nats
  version: d498de06529cce1536449f220f54217a10c319e5
  subpackages:
  - encoders/builtin
- name: github.com/nats-io/nuid
  version: a5152d67cf63cbfb5d992a395458722a45194715
- name: github.com/onsi/ginkgo
  version: 16c38793d41b07a5f9ae77d573af7836a994bf27
  subpackages:
  - ginkgo
- name: github.com/onsi/gomega
  version: 82a02eccf12c018071eef42fbb701c0db6f1e3db
- name: github.com/satori/go.uuid
  version: 879c5887cd475cd7864858769793b2ceb0d44feb
- name: github.com/uber-go/atomic
  version: e682c1008ac17bf26d2e4b5ad6cdd08520ed0b22
- name: github.com/uber-go/zap
  version: 63d56df197a79e16899d69b6a7665cb9b7c8ea99
- name: golang.org/x/net
  version: b400c2eff1badec7022a8c8f5bea058b6315eed7
  subpackages:
  - context
- name: google.golang.org/appengine
  version: 267c27e7492265b84fc6719503b14a1e17975d79
  subpackages:
  - datastore
  - internal
  - internal/datastore
  - internal/app_identity
  - internal/modules
  - internal/base
  - internal/log
  - internal/remote_api
- name: gopkg.in/bsm/ratelimit.v1
  version: db14e161995a5177acef654cb0dd785e8ee8bc22
- name: gopkg.in/redis.v4
  version: 1bf10a61e2698abfa27266cb94573045bee7dc87
  subpackages:
  - internal
  - internal/consistenthash
  - internal/hashtag
  - internal/pool
- name: gopkg.in/vmihailenco/msgpack.v2
  version: 585b09497e708217121c79a5aa185647b757605a
  subpackages:
  - codes
- name: gopkg.in/yaml.v2
  version: a83829b6f1293c91addabc89d0571c246397bbf4
devImports: []
